
Microsoft Visual Studio Solution File, Format Version 12.00
# Visual Studio 2012
Project("{FAE04EC0-301F-11D3-BF4B-00C04F79EFBC}") = "XamarinFormsSampleApp", "XamarinFormsSampleApp\XamarinFormsSampleApp.csproj", "{A607539A-8861-42FD-AE19-092A740135B3}"
EndProject
Project("{FAE04EC0-301F-11D3-BF4B-00C04F79EFBC}") = "XamarinFormsSampleApp.iOS", "iOS\XamarinFormsSampleApp.iOS.csproj", "{D8FC6240-2213-4436-93F0-049FAF3BF0B3}"
EndProject
Global
	GlobalSection(SolutionConfigurationPlatforms) = preSolution
		Debug|Any CPU = Debug|Any CPU
		Release|Any CPU = Release|Any CPU
		Debug|iPhoneSimulator = Debug|iPhoneSimulator
		Release|iPhone = Release|iPhone
		Release|iPhoneSimulator = Release|iPhoneSimulator
		Debug|iPhone = Debug|iPhone
	EndGlobalSection
	GlobalSection(ProjectConfigurationPlatforms) = postSolution
		{A607539A-8861-42FD-AE19-092A740135B3}.Debug|Any CPU.ActiveCfg = Debug|Any CPU
		{A607539A-8861-42FD-AE19-092A740135B3}.Debug|Any CPU.Build.0 = Debug|Any CPU
		{A607539A-8861-42FD-AE19-092A740135B3}.Release|Any CPU.ActiveCfg = Release|Any CPU
		{A607539A-8861-42FD-AE19-092A740135B3}.Release|Any CPU.Build.0 = Release|Any CPU
		{A607539A-8861-42FD-AE19-092A740135B3}.Debug|iPhoneSimulator.ActiveCfg = Debug|Any CPU
		{A607539A-8861-42FD-AE19-092A740135B3}.Debug|iPhoneSimulator.Build.0 = Debug|Any CPU
		{A607539A-8861-42FD-AE19-092A740135B3}.Release|iPhone.ActiveCfg = Release|Any CPU
		{A607539A-8861-42FD-AE19-092A740135B3}.Release|iPhone.Build.0 = Release|Any CPU
		{A607539A-8861-42FD-AE19-092A740135B3}.Release|iPhoneSimulator.ActiveCfg = Release|Any CPU
		{A607539A-8861-42FD-AE19-092A740135B3}.Release|iPhoneSimulator.Build.0 = Release|Any CPU
		{A607539A-8861-42FD-AE19-092A740135B3}.Debug|iPhone.ActiveCfg = Debug|Any CPU
		{A607539A-8861-42FD-AE19-092A740135B3}.Debug|iPhone.Build.0 = Debug|Any CPU
		{D8FC6240-2213-4436-93F0-049FAF3BF0B3}.Debug|Any CPU.ActiveCfg = Debug|iPhoneSimulator
		{D8FC6240-2213-4436-93F0-049FAF3BF0B3}.Debug|Any CPU.Build.0 = Debug|iPhoneSimulator
		{D8FC6240-2213-4436-93F0-049FAF3BF0B3}.Release|Any CPU.ActiveCfg = Release|iPhone
		{D8FC6240-2213-4436-93F0-049FAF3BF0B3}.Release|Any CPU.Build.0 = Release|iPhone
		{D8FC6240-2213-4436-93F0-049FAF3BF0B3}.Debug|iPhoneSimulator.ActiveCfg = Debug|iPhoneSimulator
		{D8FC6240-2213-4436-93F0-049FAF3BF0B3}.Debug|iPhoneSimulator.Build.0 = Debug|iPhoneSimulator
		{D8FC6240-2213-4436-93F0-049FAF3BF0B3}.Release|iPhone.ActiveCfg = Release|iPhone
		{D8FC6240-2213-4436-93F0-049FAF3BF0B3}.Release|iPhone.Build.0 = Release|iPhone
		{D8FC6240-2213-4436-93F0-049FAF3BF0B3}.Release|iPhoneSimulator.ActiveCfg = Release|iPhoneSimulator
		{D8FC6240-2213-4436-93F0-049FAF3BF0B3}.Release|iPhoneSimulator.Build.0 = Release|iPhoneSimulator
		{D8FC6240-2213-4436-93F0-049FAF3BF0B3}.Debug|iPhone.ActiveCfg = Debug|iPhone
		{D8FC6240-2213-4436-93F0-049FAF3BF0B3}.Debug|iPhone.Build.0 = Debug|iPhone
	EndGlobalSection
EndGlobal
